
Microsoft Visual Studio Solution File, Format Version 12.00
# Visual Studio Version 17
VisualStudioVersion = 17.14.36408.4
MinimumVisualStudioVersion = 10.0.40219.1
Project("{2150E333-8FDC-42A3-9474-1A3956D46DE8}") = "Services", "Services", "{02EA681E-C7D8-13C7-8484-4AC65E1B71E8}"
EndProject
Project("{2150E333-8FDC-42A3-9474-1A3956D46DE8}") = "Catalogue", "Catalogue", "{8E5F580F-F2A8-4348-8503-6F66E3835440}"
EndProject
Project("{FAE04EC0-301F-11D3-BF4B-00C04F79EFBC}") = "CatalogAPI", "Services\Catalogue\CatalogAPI\CatalogAPI.csproj", "{6F2E82E5-3D01-49BF-BD05-64BA3F3B6516}"
EndProject
Project("{2150E333-8FDC-42A3-9474-1A3956D46DE8}") = "BuildingBlocks", "BuildingBlocks", "{3DA85C1D-3281-4878-8E92-7921C15401C6}"
EndProject
Project("{E53339B2-1760-4266-BCC7-CA923CBCF16C}") = "docker-compose", "docker-compose.dcproj", "{81DDED9D-158B-E303-5F62-77A2896D2A5A}"
EndProject
Project("{2150E333-8FDC-42A3-9474-1A3956D46DE8}") = "Basket", "Basket", "{CDA742F5-9C5F-4C44-92BE-E2E1814188D2}"
EndProject
Project("{FAE04EC0-301F-11D3-BF4B-00C04F79EFBC}") = "Basket.API", "Services\Basket\Basket.API\Basket.API.csproj", "{DC9E8DD3-FB34-480A-A6C5-3AB4049EC599}"
EndProject
Project("{2150E333-8FDC-42A3-9474-1A3956D46DE8}") = "Discount", "Discount", "{199142AA-E1FF-4036-AD3A-82BDF39C72C9}"
EndProject
Project("{FAE04EC0-301F-11D3-BF4B-00C04F79EFBC}") = "Discount.Grpc", "Services\Discount\Discount.Grpc\Discount.Grpc.csproj", "{77FAC613-A904-4EA8-9300-282EADE0DFEB}"
EndProject
Project("{2150E333-8FDC-42A3-9474-1A3956D46DE8}") = "RAGImplementation", "RAGImplementation", "{17EF6A6C-8728-40B5-A3E7-BC6DC575BA6F}"
EndProject
Project("{FAE04EC0-301F-11D3-BF4B-00C04F79EFBC}") = "RAGImplementation", "Services\RAGImplementation\RAGImplementation\RAGImplementation.csproj", "{3CB0A809-A3DB-45A8-A50A-485D36A35B65}"
EndProject
Project("{FAE04EC0-301F-11D3-BF4B-00C04F79EFBC}") = "MCPServerImpl", "Services\MCPServerImpl\MCPServerImpl\MCPServerImpl.csproj", "{C0D43ACC-9238-4854-B0D3-F5CBE429D968}"
EndProject
Project("{2150E333-8FDC-42A3-9474-1A3956D46DE8}") = "Ordering", "Ordering", "{7649A3E0-F914-4A14-AD8F-3C458227548A}"
EndProject
Project("{FAE04EC0-301F-11D3-BF4B-00C04F79EFBC}") = "Ordering.Domain", "Services\Ordering\Ordering.Domain\Ordering.Domain.csproj", "{3983797C-7D17-4B04-8B9A-9A2E9CDDBF38}"
EndProject
Project("{FAE04EC0-301F-11D3-BF4B-00C04F79EFBC}") = "Ordering.Application", "Services\Ordering\Ordering.Application\Ordering.Application.csproj", "{D75E8D52-92F2-476D-8FB6-FF91165B461A}"
EndProject
Project("{FAE04EC0-301F-11D3-BF4B-00C04F79EFBC}") = "Ordering.Infrastructure", "Services\Ordering\Ordering.Infrastructure\Ordering.Infrastructure.csproj", "{A43A63FC-DC71-4A4E-A3F3-177C662E7AFC}"
EndProject
Project("{FAE04EC0-301F-11D3-BF4B-00C04F79EFBC}") = "Ordering.API", "Services\Ordering\Ordering.API\Ordering.API.csproj", "{B37355C3-D600-4963-9236-F4CA6385055A}"
EndProject
Project("{FAE04EC0-301F-11D3-BF4B-00C04F79EFBC}") = "BuildingBlocks.Messaging", "BuildingBlocks\BuildingBlocks.Messaging\BuildingBlocks.Messaging.csproj", "{B82AC081-5468-406F-8D9E-24F1487BDCEA}"
EndProject
Project("{FAE04EC0-301F-11D3-BF4B-00C04F79EFBC}") = "BuildingBlocks", "BuildingBlocks\BuildingBlocks\BuildingBlocks.csproj", "{6E7E435F-1589-DC76-9E72-AAA8CDEA1B17}"
EndProject
Global
	GlobalSection(SolutionConfigurationPlatforms) = preSolution
		Debug|Any CPU = Debug|Any CPU
		Release|Any CPU = Release|Any CPU
	EndGlobalSection
	GlobalSection(ProjectConfigurationPlatforms) = postSolution
		{6F2E82E5-3D01-49BF-BD05-64BA3F3B6516}.Debug|Any CPU.ActiveCfg = Debug|Any CPU
		{6F2E82E5-3D01-49BF-BD05-64BA3F3B6516}.Debug|Any CPU.Build.0 = Debug|Any CPU
		{6F2E82E5-3D01-49BF-BD05-64BA3F3B6516}.Release|Any CPU.ActiveCfg = Release|Any CPU
		{6F2E82E5-3D01-49BF-BD05-64BA3F3B6516}.Release|Any CPU.Build.0 = Release|Any CPU
		{81DDED9D-158B-E303-5F62-77A2896D2A5A}.Debug|Any CPU.ActiveCfg = Debug|Any CPU
		{81DDED9D-158B-E303-5F62-77A2896D2A5A}.Debug|Any CPU.Build.0 = Debug|Any CPU
		{81DDED9D-158B-E303-5F62-77A2896D2A5A}.Release|Any CPU.ActiveCfg = Release|Any CPU
		{81DDED9D-158B-E303-5F62-77A2896D2A5A}.Release|Any CPU.Build.0 = Release|Any CPU
		{DC9E8DD3-FB34-480A-A6C5-3AB4049EC599}.Debug|Any CPU.ActiveCfg = Debug|Any CPU
		{DC9E8DD3-FB34-480A-A6C5-3AB4049EC599}.Debug|Any CPU.Build.0 = Debug|Any CPU
		{DC9E8DD3-FB34-480A-A6C5-3AB4049EC599}.Release|Any CPU.ActiveCfg = Release|Any CPU
		{DC9E8DD3-FB34-480A-A6C5-3AB4049EC599}.Release|Any CPU.Build.0 = Release|Any CPU
		{77FAC613-A904-4EA8-9300-282EADE0DFEB}.Debug|Any CPU.ActiveCfg = Debug|Any CPU
		{77FAC613-A904-4EA8-9300-282EADE0DFEB}.Debug|Any CPU.Build.0 = Debug|Any CPU
		{77FAC613-A904-4EA8-9300-282EADE0DFEB}.Release|Any CPU.ActiveCfg = Release|Any CPU
		{77FAC613-A904-4EA8-9300-282EADE0DFEB}.Release|Any CPU.Build.0 = Release|Any CPU
		{3CB0A809-A3DB-45A8-A50A-485D36A35B65}.Debug|Any CPU.ActiveCfg = Debug|Any CPU
		{3CB0A809-A3DB-45A8-A50A-485D36A35B65}.Debug|Any CPU.Build.0 = Debug|Any CPU
		{3CB0A809-A3DB-45A8-A50A-485D36A35B65}.Release|Any CPU.ActiveCfg = Release|Any CPU
		{3CB0A809-A3DB-45A8-A50A-485D36A35B65}.Release|Any CPU.Build.0 = Release|Any CPU
		{C0D43ACC-9238-4854-B0D3-F5CBE429D968}.Debug|Any CPU.ActiveCfg = Debug|Any CPU
		{C0D43ACC-9238-4854-B0D3-F5CBE429D968}.Debug|Any CPU.Build.0 = Debug|Any CPU
		{C0D43ACC-9238-4854-B0D3-F5CBE429D968}.Release|Any CPU.ActiveCfg = Release|Any CPU
		{C0D43ACC-9238-4854-B0D3-F5CBE429D968}.Release|Any CPU.Build.0 = Release|Any CPU
		{3983797C-7D17-4B04-8B9A-9A2E9CDDBF38}.Debug|Any CPU.ActiveCfg = Debug|Any CPU
		{3983797C-7D17-4B04-8B9A-9A2E9CDDBF38}.Debug|Any CPU.Build.0 = Debug|Any CPU
		{3983797C-7D17-4B04-8B9A-9A2E9CDDBF38}.Release|Any CPU.ActiveCfg = Release|Any CPU
		{3983797C-7D17-4B04-8B9A-9A2E9CDDBF38}.Release|Any CPU.Build.0 = Release|Any CPU
		{D75E8D52-92F2-476D-8FB6-FF91165B461A}.Debug|Any CPU.ActiveCfg = Debug|Any CPU
		{D75E8D52-92F2-476D-8FB6-FF91165B461A}.Debug|Any CPU.Build.0 = Debug|Any CPU
		{D75E8D52-92F2-476D-8FB6-FF91165B461A}.Release|Any CPU.ActiveCfg = Release|Any CPU
		{D75E8D52-92F2-476D-8FB6-FF91165B461A}.Release|Any CPU.Build.0 = Release|Any CPU
		{A43A63FC-DC71-4A4E-A3F3-177C662E7AFC}.Debug|Any CPU.ActiveCfg = Debug|Any CPU
		{A43A63FC-DC71-4A4E-A3F3-177C662E7AFC}.Debug|Any CPU.Build.0 = Debug|Any CPU
		{A43A63FC-DC71-4A4E-A3F3-177C662E7AFC}.Release|Any CPU.ActiveCfg = Release|Any CPU
		{A43A63FC-DC71-4A4E-A3F3-177C662E7AFC}.Release|Any CPU.Build.0 = Release|Any CPU
		{B37355C3-D600-4963-9236-F4CA6385055A}.Debug|Any CPU.ActiveCfg = Debug|Any CPU
		{B37355C3-D600-4963-9236-F4CA6385055A}.Debug|Any CPU.Build.0 = Debug|Any CPU
		{B37355C3-D600-4963-9236-F4CA6385055A}.Release|Any CPU.ActiveCfg = Release|Any CPU
		{B37355C3-D600-4963-9236-F4CA6385055A}.Release|Any CPU.Build.0 = Release|Any CPU
		{B82AC081-5468-406F-8D9E-24F1487BDCEA}.Debug|Any CPU.ActiveCfg = Debug|Any CPU
		{B82AC081-5468-406F-8D9E-24F1487BDCEA}.Debug|Any CPU.Build.0 = Debug|Any CPU
		{B82AC081-5468-406F-8D9E-24F1487BDCEA}.Release|Any CPU.ActiveCfg = Release|Any CPU
		{B82AC081-5468-406F-8D9E-24F1487BDCEA}.Release|Any CPU.Build.0 = Release|Any CPU
		{6E7E435F-1589-DC76-9E72-AAA8CDEA1B17}.Debug|Any CPU.ActiveCfg = Debug|Any CPU
		{6E7E435F-1589-DC76-9E72-AAA8CDEA1B17}.Debug|Any CPU.Build.0 = Debug|Any CPU
		{6E7E435F-1589-DC76-9E72-AAA8CDEA1B17}.Release|Any CPU.ActiveCfg = Release|Any CPU
		{6E7E435F-1589-DC76-9E72-AAA8CDEA1B17}.Release|Any CPU.Build.0 = Release|Any CPU
	EndGlobalSection
	GlobalSection(SolutionProperties) = preSolution
		HideSolutionNode = FALSE
	EndGlobalSection
	GlobalSection(NestedProjects) = preSolution
		{8E5F580F-F2A8-4348-8503-6F66E3835440} = {02EA681E-C7D8-13C7-8484-4AC65E1B71E8}
		{6F2E82E5-3D01-49BF-BD05-64BA3F3B6516} = {8E5F580F-F2A8-4348-8503-6F66E3835440}
		{CDA742F5-9C5F-4C44-92BE-E2E1814188D2} = {02EA681E-C7D8-13C7-8484-4AC65E1B71E8}
		{DC9E8DD3-FB34-480A-A6C5-3AB4049EC599} = {CDA742F5-9C5F-4C44-92BE-E2E1814188D2}
		{199142AA-E1FF-4036-AD3A-82BDF39C72C9} = {02EA681E-C7D8-13C7-8484-4AC65E1B71E8}
		{77FAC613-A904-4EA8-9300-282EADE0DFEB} = {199142AA-E1FF-4036-AD3A-82BDF39C72C9}
		{17EF6A6C-8728-40B5-A3E7-BC6DC575BA6F} = {02EA681E-C7D8-13C7-8484-4AC65E1B71E8}
		{3CB0A809-A3DB-45A8-A50A-485D36A35B65} = {17EF6A6C-8728-40B5-A3E7-BC6DC575BA6F}
		{C0D43ACC-9238-4854-B0D3-F5CBE429D968} = {02EA681E-C7D8-13C7-8484-4AC65E1B71E8}
		{7649A3E0-F914-4A14-AD8F-3C458227548A} = {02EA681E-C7D8-13C7-8484-4AC65E1B71E8}
		{3983797C-7D17-4B04-8B9A-9A2E9CDDBF38} = {7649A3E0-F914-4A14-AD8F-3C458227548A}
		{D75E8D52-92F2-476D-8FB6-FF91165B461A} = {7649A3E0-F914-4A14-AD8F-3C458227548A}
		{A43A63FC-DC71-4A4E-A3F3-177C662E7AFC} = {7649A3E0-F914-4A14-AD8F-3C458227548A}
		{B37355C3-D600-4963-9236-F4CA6385055A} = {7649A3E0-F914-4A14-AD8F-3C458227548A}
		{B82AC081-5468-406F-8D9E-24F1487BDCEA} = {3DA85C1D-3281-4878-8E92-7921C15401C6}
		{6E7E435F-1589-DC76-9E72-AAA8CDEA1B17} = {3DA85C1D-3281-4878-8E92-7921C15401C6}
	EndGlobalSection
	GlobalSection(ExtensibilityGlobals) = postSolution
		SolutionGuid = {7F1A57E7-86A9-4244-8172-71238AB6C5C0}
	EndGlobalSection
EndGlobal
